
Microsoft Visual Studio Solution File, Format Version 12.00
# Visual Studio Version 16
VisualStudioVersion = 16.0.34031.81
MinimumVisualStudioVersion = 10.0.40219.1
Project("{2150E333-8FDC-42A3-9474-1A3956D46DE8}") = "Task0", "Task0", "{D14DA087-F370-43B6-975D-AF0DAF957655}"
EndProject
Project("{FAE04EC0-301F-11D3-BF4B-00C04F79EFBC}") = "Tyuiu.VelizhaninPI.Sprint5.Task0.V25", "Tyuiu.VelizhaninPI.Sprint5.Task0.V25\Tyuiu.VelizhaninPI.Sprint5.Task0.V25.csproj", "{9169BA5C-3D8A-4553-9902-2659715AD4B6}"
EndProject
Project("{FAE04EC0-301F-11D3-BF4B-00C04F79EFBC}") = "Tyuiu.VelizhaninPI.Sprint5.Task0.V25.Lib", "Tyuiu.VelizhaninPI.Sprint5.Task0.V25.Lib\Tyuiu.VelizhaninPI.Sprint5.Task0.V25.Lib.csproj", "{6F698FD6-3361-4331-9A0F-2D73DCB8DC9C}"
EndProject
Project("{FAE04EC0-301F-11D3-BF4B-00C04F79EFBC}") = "Tyuiu.VelizhaninPI.Sprint5.Task0.V25.Test", "Tyuiu.VelizhaninPI.Sprint5.Task0.V25.Test\Tyuiu.VelizhaninPI.Sprint5.Task0.V25.Test.csproj", "{7240893D-D069-481B-92C1-2A37E308D303}"
EndProject
Project("{2150E333-8FDC-42A3-9474-1A3956D46DE8}") = "Task1", "Task1", "{6E41AE8A-54D7-4289-8AE4-748E0F541A2A}"
EndProject
Project("{FAE04EC0-301F-11D3-BF4B-00C04F79EFBC}") = "Tyuiu.VelizhaninPI.Sprint5.Task1.V21", "Tyuiu.VelizhaninPI.Sprint5.Task1.V21\Tyuiu.VelizhaninPI.Sprint5.Task1.V21.csproj", "{BFE5D2A4-63EA-4110-B953-F8BEBD4D2415}"
EndProject
Project("{FAE04EC0-301F-11D3-BF4B-00C04F79EFBC}") = "Tyuiu.VelizhaninPI.Sprint5.Task1.V21.Lib", "Tyuiu.VelizhaninPI.Sprint5.Task1.V21.Lib\Tyuiu.VelizhaninPI.Sprint5.Task1.V21.Lib.csproj", "{66EAD52C-0919-4DE4-BE58-7FC6AFD67FBC}"
EndProject
Project("{FAE04EC0-301F-11D3-BF4B-00C04F79EFBC}") = "Tyuiu.VelizhaninPI.Sprint5.Task1.V21.Test", "Tyuiu.VelizhaninPI.Sprint5.Task1.V21.Test\Tyuiu.VelizhaninPI.Sprint5.Task1.V21.Test.csproj", "{0E2F94A0-889F-4045-8170-DAE87B81BB0D}"
EndProject
Project("{2150E333-8FDC-42A3-9474-1A3956D46DE8}") = "Task2", "Task2", "{225E7622-817B-4AA6-B0E8-3FC8F76A3F13}"
EndProject
Project("{FAE04EC0-301F-11D3-BF4B-00C04F79EFBC}") = "Tyuiu.VelizhaninPI.Sprint5.Task2.V24", "Tyuiu.VelizhaninPI.Sprint5.Task2.V24\Tyuiu.VelizhaninPI.Sprint5.Task2.V24.csproj", "{23B6176B-D774-46F4-9A6C-B3EC79797AF6}"
EndProject
Project("{FAE04EC0-301F-11D3-BF4B-00C04F79EFBC}") = "Tyuiu.VelizhaninPI.Sprint5.Task2.V24.Lib", "Tyuiu.VelizhaninPI.Sprint5.Task2.V24.Lib\Tyuiu.VelizhaninPI.Sprint5.Task2.V24.Lib.csproj", "{3750586C-2149-4E2E-92F3-FFDB0A971B3D}"
EndProject
Project("{FAE04EC0-301F-11D3-BF4B-00C04F79EFBC}") = "Tyuiu.VelizhaninPI.Sprint5.Task2.V24.Test", "Tyuiu.VelizhaninPI.Sprint5.Task2.V24.Test\Tyuiu.VelizhaninPI.Sprint5.Task2.V24.Test.csproj", "{78CD1770-FD29-497A-8EE2-4E0FAFF135DF}"
EndProject
Project("{2150E333-8FDC-42A3-9474-1A3956D46DE8}") = "Task3", "Task3", "{29B5A0E2-2EDD-4362-AA71-F5A6ED44B5E4}"
EndProject
Project("{FAE04EC0-301F-11D3-BF4B-00C04F79EFBC}") = "Tyuiu.VelizhaninPI.Sprint5.Task3.V5", "Tyuiu.VelizhaninPI.Sprint5.Task3.V5\Tyuiu.VelizhaninPI.Sprint5.Task3.V5.csproj", "{02258F8E-FE16-41A0-8265-AEA163725BB8}"
EndProject
Project("{FAE04EC0-301F-11D3-BF4B-00C04F79EFBC}") = "Tyuiu.VelizhaninPI.Sprint5.Task3.V5.Lib", "Tyuiu.VelizhaninPI.Sprint5.Task3.V5.Lib\Tyuiu.VelizhaninPI.Sprint5.Task3.V5.Lib.csproj", "{E6601478-6BFD-4567-AD36-906B0109CCBC}"
EndProject
Project("{FAE04EC0-301F-11D3-BF4B-00C04F79EFBC}") = "Tyuiu.VelizhaninPI.Sprint5.Task3.V5.Test", "Tyuiu.VelizhaninPI.Sprint5.Task3.V5.Test\Tyuiu.VelizhaninPI.Sprint5.Task3.V5.Test.csproj", "{F19E93DB-753C-470C-9950-BADFF3075166}"
EndProject
Project("{2150E333-8FDC-42A3-9474-1A3956D46DE8}") = "Task4", "Task4", "{E754DF32-97DB-43C6-A8A4-C90DE6427CB5}"
EndProject
Project("{FAE04EC0-301F-11D3-BF4B-00C04F79EFBC}") = "Tyuiu.VelizhaninPI.Sprint5.Task4.V14", "Tyuiu.VelizhaninPI.Sprint5.Task4.V14\Tyuiu.VelizhaninPI.Sprint5.Task4.V14.csproj", "{CB192435-6001-48DD-8119-CC05AC6ECFDE}"
EndProject
Project("{FAE04EC0-301F-11D3-BF4B-00C04F79EFBC}") = "Tyuiu.VelizhaninPI.Sprint5.Task4.V14.Lib", "Tyuiu.VelizhaninPI.Sprint5.Task4.V14.Lib\Tyuiu.VelizhaninPI.Sprint5.Task4.V14.Lib.csproj", "{8F3FBF84-FC67-441F-B801-4BDB5B10A421}"
EndProject
Project("{FAE04EC0-301F-11D3-BF4B-00C04F79EFBC}") = "Tyuiu.VelizhaninPI.Sprint5.Task4.V14.Test", "Tyuiu.VelizhaninPI.Sprint5.Task4.V14.Test\Tyuiu.VelizhaninPI.Sprint5.Task4.V14.Test.csproj", "{A413EE66-119D-417A-842F-CB12703719AB}"
EndProject
Global
	GlobalSection(SolutionConfigurationPlatforms) = preSolution
		Debug|Any CPU = Debug|Any CPU
		Release|Any CPU = Release|Any CPU
	EndGlobalSection
	GlobalSection(ProjectConfigurationPlatforms) = postSolution
		{9169BA5C-3D8A-4553-9902-2659715AD4B6}.Debug|Any CPU.ActiveCfg = Debug|Any CPU
		{9169BA5C-3D8A-4553-9902-2659715AD4B6}.Debug|Any CPU.Build.0 = Debug|Any CPU
		{9169BA5C-3D8A-4553-9902-2659715AD4B6}.Release|Any CPU.ActiveCfg = Release|Any CPU
		{9169BA5C-3D8A-4553-9902-2659715AD4B6}.Release|Any CPU.Build.0 = Release|Any CPU
		{6F698FD6-3361-4331-9A0F-2D73DCB8DC9C}.Debug|Any CPU.ActiveCfg = Debug|Any CPU
		{6F698FD6-3361-4331-9A0F-2D73DCB8DC9C}.Debug|Any CPU.Build.0 = Debug|Any CPU
		{6F698FD6-3361-4331-9A0F-2D73DCB8DC9C}.Release|Any CPU.ActiveCfg = Release|Any CPU
		{6F698FD6-3361-4331-9A0F-2D73DCB8DC9C}.Release|Any CPU.Build.0 = Release|Any CPU
		{7240893D-D069-481B-92C1-2A37E308D303}.Debug|Any CPU.ActiveCfg = Debug|Any CPU
		{7240893D-D069-481B-92C1-2A37E308D303}.Debug|Any CPU.Build.0 = Debug|Any CPU
		{7240893D-D069-481B-92C1-2A37E308D303}.Release|Any CPU.ActiveCfg = Release|Any CPU
		{7240893D-D069-481B-92C1-2A37E308D303}.Release|Any CPU.Build.0 = Release|Any CPU
		{BFE5D2A4-63EA-4110-B953-F8BEBD4D2415}.Debug|Any CPU.ActiveCfg = Debug|Any CPU
		{BFE5D2A4-63EA-4110-B953-F8BEBD4D2415}.Debug|Any CPU.Build.0 = Debug|Any CPU
		{BFE5D2A4-63EA-4110-B953-F8BEBD4D2415}.Release|Any CPU.ActiveCfg = Release|Any CPU
		{BFE5D2A4-63EA-4110-B953-F8BEBD4D2415}.Release|Any CPU.Build.0 = Release|Any CPU
		{66EAD52C-0919-4DE4-BE58-7FC6AFD67FBC}.Debug|Any CPU.ActiveCfg = Debug|Any CPU
		{66EAD52C-0919-4DE4-BE58-7FC6AFD67FBC}.Debug|Any CPU.Build.0 = Debug|Any CPU
		{66EAD52C-0919-4DE4-BE58-7FC6AFD67FBC}.Release|Any CPU.ActiveCfg = Release|Any CPU
		{66EAD52C-0919-4DE4-BE58-7FC6AFD67FBC}.Release|Any CPU.Build.0 = Release|Any CPU
		{0E2F94A0-889F-4045-8170-DAE87B81BB0D}.Debug|Any CPU.ActiveCfg = Debug|Any CPU
		{0E2F94A0-889F-4045-8170-DAE87B81BB0D}.Debug|Any CPU.Build.0 = Debug|Any CPU
		{0E2F94A0-889F-4045-8170-DAE87B81BB0D}.Release|Any CPU.ActiveCfg = Release|Any CPU
		{0E2F94A0-889F-4045-8170-DAE87B81BB0D}.Release|Any CPU.Build.0 = Release|Any CPU
		{23B6176B-D774-46F4-9A6C-B3EC79797AF6}.Debug|Any CPU.ActiveCfg = Debug|Any CPU
		{23B6176B-D774-46F4-9A6C-B3EC79797AF6}.Debug|Any CPU.Build.0 = Debug|Any CPU
		{23B6176B-D774-46F4-9A6C-B3EC79797AF6}.Release|Any CPU.ActiveCfg = Release|Any CPU
		{23B6176B-D774-46F4-9A6C-B3EC79797AF6}.Release|Any CPU.Build.0 = Release|Any CPU
		{3750586C-2149-4E2E-92F3-FFDB0A971B3D}.Debug|Any CPU.ActiveCfg = Debug|Any CPU
		{3750586C-2149-4E2E-92F3-FFDB0A971B3D}.Debug|Any CPU.Build.0 = Debug|Any CPU
		{3750586C-2149-4E2E-92F3-FFDB0A971B3D}.Release|Any CPU.ActiveCfg = Release|Any CPU
		{3750586C-2149-4E2E-92F3-FFDB0A971B3D}.Release|Any CPU.Build.0 = Release|Any CPU
		{78CD1770-FD29-497A-8EE2-4E0FAFF135DF}.Debug|Any CPU.ActiveCfg = Debug|Any CPU
		{78CD1770-FD29-497A-8EE2-4E0FAFF135DF}.Debug|Any CPU.Build.0 = Debug|Any CPU
		{78CD1770-FD29-497A-8EE2-4E0FAFF135DF}.Release|Any CPU.ActiveCfg = Release|Any CPU
		{78CD1770-FD29-497A-8EE2-4E0FAFF135DF}.Release|Any CPU.Build.0 = Release|Any CPU
		{02258F8E-FE16-41A0-8265-AEA163725BB8}.Debug|Any CPU.ActiveCfg = Debug|Any CPU
		{02258F8E-FE16-41A0-8265-AEA163725BB8}.Debug|Any CPU.Build.0 = Debug|Any CPU
		{02258F8E-FE16-41A0-8265-AEA163725BB8}.Release|Any CPU.ActiveCfg = Release|Any CPU
		{02258F8E-FE16-41A0-8265-AEA163725BB8}.Release|Any CPU.Build.0 = Release|Any CPU
		{E6601478-6BFD-4567-AD36-906B0109CCBC}.Debug|Any CPU.ActiveCfg = Debug|Any CPU
		{E6601478-6BFD-4567-AD36-906B0109CCBC}.Debug|Any CPU.Build.0 = Debug|Any CPU
		{E6601478-6BFD-4567-AD36-906B0109CCBC}.Release|Any CPU.ActiveCfg = Release|Any CPU
		{E6601478-6BFD-4567-AD36-906B0109CCBC}.Release|Any CPU.Build.0 = Release|Any CPU
		{F19E93DB-753C-470C-9950-BADFF3075166}.Debug|Any CPU.ActiveCfg = Debug|Any CPU
		{F19E93DB-753C-470C-9950-BADFF3075166}.Debug|Any CPU.Build.0 = Debug|Any CPU
		{F19E93DB-753C-470C-9950-BADFF3075166}.Release|Any CPU.ActiveCfg = Release|Any CPU
		{F19E93DB-753C-470C-9950-BADFF3075166}.Release|Any CPU.Build.0 = Release|Any CPU
		{CB192435-6001-48DD-8119-CC05AC6ECFDE}.Debug|Any CPU.ActiveCfg = Debug|Any CPU
		{CB192435-6001-48DD-8119-CC05AC6ECFDE}.Debug|Any CPU.Build.0 = Debug|Any CPU
		{CB192435-6001-48DD-8119-CC05AC6ECFDE}.Release|Any CPU.ActiveCfg = Release|Any CPU
		{CB192435-6001-48DD-8119-CC05AC6ECFDE}.Release|Any CPU.Build.0 = Release|Any CPU
		{8F3FBF84-FC67-441F-B801-4BDB5B10A421}.Debug|Any CPU.ActiveCfg = Debug|Any CPU
		{8F3FBF84-FC67-441F-B801-4BDB5B10A421}.Debug|Any CPU.Build.0 = Debug|Any CPU
		{8F3FBF84-FC67-441F-B801-4BDB5B10A421}.Release|Any CPU.ActiveCfg = Release|Any CPU
		{8F3FBF84-FC67-441F-B801-4BDB5B10A421}.Release|Any CPU.Build.0 = Release|Any CPU
		{A413EE66-119D-417A-842F-CB12703719AB}.Debug|Any CPU.ActiveCfg = Debug|Any CPU
		{A413EE66-119D-417A-842F-CB12703719AB}.Debug|Any CPU.Build.0 = Debug|Any CPU
		{A413EE66-119D-417A-842F-CB12703719AB}.Release|Any CPU.ActiveCfg = Release|Any CPU
		{A413EE66-119D-417A-842F-CB12703719AB}.Release|Any CPU.Build.0 = Release|Any CPU
	EndGlobalSection
	GlobalSection(SolutionProperties) = preSolution
		HideSolutionNode = FALSE
	EndGlobalSection
	GlobalSection(NestedProjects) = preSolution
		{9169BA5C-3D8A-4553-9902-2659715AD4B6} = {D14DA087-F370-43B6-975D-AF0DAF957655}
		{6F698FD6-3361-4331-9A0F-2D73DCB8DC9C} = {D14DA087-F370-43B6-975D-AF0DAF957655}
		{7240893D-D069-481B-92C1-2A37E308D303} = {D14DA087-F370-43B6-975D-AF0DAF957655}
		{BFE5D2A4-63EA-4110-B953-F8BEBD4D2415} = {6E41AE8A-54D7-4289-8AE4-748E0F541A2A}
		{66EAD52C-0919-4DE4-BE58-7FC6AFD67FBC} = {6E41AE8A-54D7-4289-8AE4-748E0F541A2A}
		{0E2F94A0-889F-4045-8170-DAE87B81BB0D} = {6E41AE8A-54D7-4289-8AE4-748E0F541A2A}
		{23B6176B-D774-46F4-9A6C-B3EC79797AF6} = {225E7622-817B-4AA6-B0E8-3FC8F76A3F13}
		{3750586C-2149-4E2E-92F3-FFDB0A971B3D} = {225E7622-817B-4AA6-B0E8-3FC8F76A3F13}
		{78CD1770-FD29-497A-8EE2-4E0FAFF135DF} = {225E7622-817B-4AA6-B0E8-3FC8F76A3F13}
		{02258F8E-FE16-41A0-8265-AEA163725BB8} = {29B5A0E2-2EDD-4362-AA71-F5A6ED44B5E4}
		{E6601478-6BFD-4567-AD36-906B0109CCBC} = {29B5A0E2-2EDD-4362-AA71-F5A6ED44B5E4}
		{F19E93DB-753C-470C-9950-BADFF3075166} = {29B5A0E2-2EDD-4362-AA71-F5A6ED44B5E4}
		{CB192435-6001-48DD-8119-CC05AC6ECFDE} = {E754DF32-97DB-43C6-A8A4-C90DE6427CB5}
		{8F3FBF84-FC67-441F-B801-4BDB5B10A421} = {E754DF32-97DB-43C6-A8A4-C90DE6427CB5}
		{A413EE66-119D-417A-842F-CB12703719AB} = {E754DF32-97DB-43C6-A8A4-C90DE6427CB5}
	EndGlobalSection
	GlobalSection(ExtensibilityGlobals) = postSolution
		SolutionGuid = {C17836AB-B6D7-4F85-BAA2-E5C3C99AC5DF}
	EndGlobalSection
EndGlobal
