
Microsoft Visual Studio Solution File, Format Version 12.00
# Visual Studio Version 16
VisualStudioVersion = 16.0.34031.81
MinimumVisualStudioVersion = 10.0.40219.1
Project("{2150E333-8FDC-42A3-9474-1A3956D46DE8}") = "Task0", "Task0", "{D14DA087-F370-43B6-975D-AF0DAF957655}"
EndProject
Project("{FAE04EC0-301F-11D3-BF4B-00C04F79EFBC}") = "Tyuiu.VelizhaninPI.Sprint5.Task0.V25", "Tyuiu.VelizhaninPI.Sprint5.Task0.V25\Tyuiu.VelizhaninPI.Sprint5.Task0.V25.csproj", "{9169BA5C-3D8A-4553-9902-2659715AD4B6}"
EndProject
Project("{FAE04EC0-301F-11D3-BF4B-00C04F79EFBC}") = "Tyuiu.VelizhaninPI.Sprint5.Task0.V25.Lib", "Tyuiu.VelizhaninPI.Sprint5.Task0.V25.Lib\Tyuiu.VelizhaninPI.Sprint5.Task0.V25.Lib.csproj", "{6F698FD6-3361-4331-9A0F-2D73DCB8DC9C}"
EndProject
Project("{FAE04EC0-301F-11D3-BF4B-00C04F79EFBC}") = "Tyuiu.VelizhaninPI.Sprint5.Task0.V25.Test", "Tyuiu.VelizhaninPI.Sprint5.Task0.V25.Test\Tyuiu.VelizhaninPI.Sprint5.Task0.V25.Test.csproj", "{7240893D-D069-481B-92C1-2A37E308D303}"
EndProject
Project("{2150E333-8FDC-42A3-9474-1A3956D46DE8}") = "Task1", "Task1", "{6E41AE8A-54D7-4289-8AE4-748E0F541A2A}"
EndProject
Global
	GlobalSection(SolutionConfigurationPlatforms) = preSolution
		Debug|Any CPU = Debug|Any CPU
		Release|Any CPU = Release|Any CPU
	EndGlobalSection
	GlobalSection(ProjectConfigurationPlatforms) = postSolution
		{9169BA5C-3D8A-4553-9902-2659715AD4B6}.Debug|Any CPU.ActiveCfg = Debug|Any CPU
		{9169BA5C-3D8A-4553-9902-2659715AD4B6}.Debug|Any CPU.Build.0 = Debug|Any CPU
		{9169BA5C-3D8A-4553-9902-2659715AD4B6}.Release|Any CPU.ActiveCfg = Release|Any CPU
		{9169BA5C-3D8A-4553-9902-2659715AD4B6}.Release|Any CPU.Build.0 = Release|Any CPU
		{6F698FD6-3361-4331-9A0F-2D73DCB8DC9C}.Debug|Any CPU.ActiveCfg = Debug|Any CPU
		{6F698FD6-3361-4331-9A0F-2D73DCB8DC9C}.Debug|Any CPU.Build.0 = Debug|Any CPU
		{6F698FD6-3361-4331-9A0F-2D73DCB8DC9C}.Release|Any CPU.ActiveCfg = Release|Any CPU
		{6F698FD6-3361-4331-9A0F-2D73DCB8DC9C}.Release|Any CPU.Build.0 = Release|Any CPU
		{7240893D-D069-481B-92C1-2A37E308D303}.Debug|Any CPU.ActiveCfg = Debug|Any CPU
		{7240893D-D069-481B-92C1-2A37E308D303}.Debug|Any CPU.Build.0 = Debug|Any CPU
		{7240893D-D069-481B-92C1-2A37E308D303}.Release|Any CPU.ActiveCfg = Release|Any CPU
		{7240893D-D069-481B-92C1-2A37E308D303}.Release|Any CPU.Build.0 = Release|Any CPU
	EndGlobalSection
	GlobalSection(SolutionProperties) = preSolution
		HideSolutionNode = FALSE
	EndGlobalSection
	GlobalSection(NestedProjects) = preSolution
		{9169BA5C-3D8A-4553-9902-2659715AD4B6} = {D14DA087-F370-43B6-975D-AF0DAF957655}
		{6F698FD6-3361-4331-9A0F-2D73DCB8DC9C} = {D14DA087-F370-43B6-975D-AF0DAF957655}
		{7240893D-D069-481B-92C1-2A37E308D303} = {D14DA087-F370-43B6-975D-AF0DAF957655}
	EndGlobalSection
	GlobalSection(ExtensibilityGlobals) = postSolution
		SolutionGuid = {C17836AB-B6D7-4F85-BAA2-E5C3C99AC5DF}
	EndGlobalSection
EndGlobal
